
Microsoft Visual Studio Solution File, Format Version 12.00
# Visual Studio Version 17
VisualStudioVersion = 17.2.32616.157
MinimumVisualStudioVersion = 10.0.40219.1
Project("{FAE04EC0-301F-11D3-BF4B-00C04F79EFBC}") = "Activity 12", "Activity 12.csproj", "{45F559A5-C946-4572-96AA-B3BC8BC40599}"
EndProject
Global
	GlobalSection(SolutionConfigurationPlatforms) = preSolution
		Debug|Any CPU = Debug|Any CPU
		Release|Any CPU = Release|Any CPU
	EndGlobalSection
	GlobalSection(ProjectConfigurationPlatforms) = postSolution
		{45F559A5-C946-4572-96AA-B3BC8BC40599}.Debug|Any CPU.ActiveCfg = Debug|Any CPU
		{45F559A5-C946-4572-96AA-B3BC8BC40599}.Debug|Any CPU.Build.0 = Debug|Any CPU
		{45F559A5-C946-4572-96AA-B3BC8BC40599}.Release|Any CPU.ActiveCfg = Release|Any CPU
		{45F559A5-C946-4572-96AA-B3BC8BC40599}.Release|Any CPU.Build.0 = Release|Any CPU
	EndGlobalSection
	GlobalSection(SolutionProperties) = preSolution
		HideSolutionNode = FALSE
	EndGlobalSection
	GlobalSection(ExtensibilityGlobals) = postSolution
		SolutionGuid = {66BEF742-D5E8-4781-995B-6E6AFA8EB6F2}
	EndGlobalSection
EndGlobal
